
Microsoft Visual Studio Solution File, Format Version 12.00
# Visual Studio 14
VisualStudioVersion = 14.0.25123.0
MinimumVisualStudioVersion = 10.0.40219.1
Project("{2150E333-8FDC-42A3-9474-1A3956D46DE8}") = "Business", "Business", "{7535FC35-4B14-44FE-9DD2-AA95C0AD67CE}"
EndProject
Project("{2150E333-8FDC-42A3-9474-1A3956D46DE8}") = "Data", "Data", "{B8327469-094D-4A88-ABB5-7ADFBCB05DB8}"
EndProject
Project("{2150E333-8FDC-42A3-9474-1A3956D46DE8}") = "Domain", "Domain", "{6DC83961-B23A-4649-9279-1AE0B0AC89FC}"
EndProject
Project("{2150E333-8FDC-42A3-9474-1A3956D46DE8}") = "Operational", "Operational", "{0A7D8A76-88DD-42E1-B12B-33FF2931A731}"
EndProject
Project("{2150E333-8FDC-42A3-9474-1A3956D46DE8}") = "Clients", "Clients", "{9A98BFC0-88C4-4E67-9918-07BBB9788E15}"
EndProject
Project("{2150E333-8FDC-42A3-9474-1A3956D46DE8}") = "Web", "Web", "{263B0DCF-16A4-4CE7-B70C-7F1CAE765FD1}"
EndProject
Project("{2150E333-8FDC-42A3-9474-1A3956D46DE8}") = "Desktop", "Desktop", "{F3D44018-2CD8-4EB0-A8D5-6C741ECFF74C}"
EndProject
Project("{2150E333-8FDC-42A3-9474-1A3956D46DE8}") = "Mobile", "Mobile", "{4BCFC631-E9A6-4DB2-8712-47FA621B63E1}"
EndProject
Project("{2150E333-8FDC-42A3-9474-1A3956D46DE8}") = "PublishScripts", "PublishScripts", "{BA5E25A6-5CEB-4C91-A944-7DE07B9A1BA4}"
EndProject
Project("{2150E333-8FDC-42A3-9474-1A3956D46DE8}") = "Scripts", "Scripts", "{3C3C9B35-5F1C-46C2-9263-24C703A976FD}"
	ProjectSection(SolutionItems) = preProject
		PublishScripts\Scripts\Deploy-AzureResourceGroup-2.ps1 = PublishScripts\Scripts\Deploy-AzureResourceGroup-2.ps1
		PublishScripts\Scripts\Deploy-AzureResourceGroup-3.ps1 = PublishScripts\Scripts\Deploy-AzureResourceGroup-3.ps1
		PublishScripts\Scripts\Deploy-AzureResourceGroup-4.ps1 = PublishScripts\Scripts\Deploy-AzureResourceGroup-4.ps1
		PublishScripts\Scripts\Deploy-AzureResourceGroup.ps1 = PublishScripts\Scripts\Deploy-AzureResourceGroup.ps1
	EndProjectSection
EndProject
Project("{2150E333-8FDC-42A3-9474-1A3956D46DE8}") = "Templates", "Templates", "{28322CCB-DE55-4753-97E7-8928EABFF05B}"
	ProjectSection(SolutionItems) = preProject
		PublishScripts\Templates\MegaBiteClientsWebSugar-2.json = PublishScripts\Templates\MegaBiteClientsWebSugar-2.json
		PublishScripts\Templates\MegaBiteClientsWebSugar.json = PublishScripts\Templates\MegaBiteClientsWebSugar.json
		PublishScripts\Templates\MegaBiteClientsWebSugar.param.dev-2.json = PublishScripts\Templates\MegaBiteClientsWebSugar.param.dev-2.json
		PublishScripts\Templates\MegaBiteClientsWebSugar.param.dev.json = PublishScripts\Templates\MegaBiteClientsWebSugar.param.dev.json
		PublishScripts\Templates\MegaBiteClientWebSugar.json = PublishScripts\Templates\MegaBiteClientWebSugar.json
		PublishScripts\Templates\MegaBiteClientWebSugar.param.dev.json = PublishScripts\Templates\MegaBiteClientWebSugar.param.dev.json
		PublishScripts\Templates\MegaBiteServiceOven.json = PublishScripts\Templates\MegaBiteServiceOven.json
		PublishScripts\Templates\MegaBiteServiceOven.param.dev.json = PublishScripts\Templates\MegaBiteServiceOven.param.dev.json
	EndProjectSection
EndProject
Project("{FAE04EC0-301F-11D3-BF4B-00C04F79EFBC}") = "MegaBite.Business.Model", "Business\Model\MegaBite.Business.Model.csproj", "{0E4B9BDC-1517-492E-83DE-57D1BEDA962B}"
EndProject
Project("{FAE04EC0-301F-11D3-BF4B-00C04F79EFBC}") = "MegaBite.Business.Validation", "Business\Validation\MegaBite.Business.Validation.csproj", "{95B16E83-226A-48D0-B0A5-EEC7AB4D8ADE}"
EndProject
Project("{FAE04EC0-301F-11D3-BF4B-00C04F79EFBC}") = "MegaBite.Data.Model", "Data\Model\MegaBite.Data.Model.csproj", "{8F4C7063-EA49-4D6D-8BFA-C777C17502AC}"
EndProject
Project("{FAE04EC0-301F-11D3-BF4B-00C04F79EFBC}") = "MegaBite.Data.Provider", "Data\Provider\MegaBite.Data.Provider.csproj", "{68A8D296-0B05-474F-87E9-29749A89EF0E}"
EndProject
Project("{FAE04EC0-301F-11D3-BF4B-00C04F79EFBC}") = "MegaBite.Domain.Model", "Domain\Model\MegaBite.Domain.Model.csproj", "{D64937EB-7F8E-4127-BC59-98C276E9BBD2}"
EndProject
Project("{FAE04EC0-301F-11D3-BF4B-00C04F79EFBC}") = "MegaBite.Domain.Contracts", "Domain\Contracts\MegaBite.Domain.Contracts.csproj", "{61664537-6FD9-46C8-8320-CAABEA565231}"
EndProject
Project("{FAE04EC0-301F-11D3-BF4B-00C04F79EFBC}") = "MegaBite.Operational.Caching", "Operational\Caching\MegaBite.Operational.Caching.csproj", "{54502F8D-CD73-4155-BCB7-6E8FC59CBD65}"
EndProject
Project("{FAE04EC0-301F-11D3-BF4B-00C04F79EFBC}") = "MegaBite.Operational.DependInj", "Operational\DependInj\MegaBite.Operational.DependInj.csproj", "{37943816-1A33-460C-8D3F-E7FE5F4B6F1C}"
EndProject
Project("{FAE04EC0-301F-11D3-BF4B-00C04F79EFBC}") = "MegaBite.Operational.Error", "Operational\Error\MegaBite.Operational.Error.csproj", "{DFC057C4-2FF4-4BCA-9003-549EDD0F3408}"
EndProject
Project("{FAE04EC0-301F-11D3-BF4B-00C04F79EFBC}") = "MegaBite.Operational.Localization", "Operational\Localization\MegaBite.Operational.Localization.csproj", "{5229B71B-E6C4-4D64-B4A5-2B1DAE1C4ED1}"
EndProject
Project("{FAE04EC0-301F-11D3-BF4B-00C04F79EFBC}") = "MegaBite.Operational.Logging", "Operational\Logging\MegaBite.Operational.Logging.csproj", "{E7C7EFBE-14D9-480D-8B7C-63AF3AB9612F}"
EndProject
Project("{FAE04EC0-301F-11D3-BF4B-00C04F79EFBC}") = "MegaBite.Operational.Resources", "Operational\Resources\MegaBite.Operational.Resources.csproj", "{6B078018-D57D-446B-96F2-C62E08345143}"
EndProject
Project("{FAE04EC0-301F-11D3-BF4B-00C04F79EFBC}") = "MegaBite.Operational.Security", "Operational\Security\MegaBite.Operational.Security.csproj", "{305B4451-AD3D-450D-A5DE-6D5D15A1BF89}"
EndProject
Project("{FAE04EC0-301F-11D3-BF4B-00C04F79EFBC}") = "MegaBite.Operational.Utilities", "Operational\Utilities\MegaBite.Operational.Utilities.csproj", "{42943BC1-D5D6-4972-B5D3-1A49E6955508}"
EndProject
Project("{FAE04EC0-301F-11D3-BF4B-00C04F79EFBC}") = "MegaBite.Operational.Validation", "Operational\Validation\MegaBite.Operational.Validation.csproj", "{236174DB-9074-4010-9057-DBCE61ED8E85}"
EndProject
Project("{FAE04EC0-301F-11D3-BF4B-00C04F79EFBC}") = "MegaBite.Clients.Mobile.Vanilla", "Clients\Mobile\Vanilla\MegaBite.Clients.Mobile.Vanilla.csproj", "{D7742EBF-DEEB-434A-B0A0-26BD69A30D9F}"
EndProject
Project("{FAE04EC0-301F-11D3-BF4B-00C04F79EFBC}") = "MegaBite.Clients.Desktop.Flour", "Clients\Desktop\Flour\MegaBite.Clients.Desktop.Flour.csproj", "{10DCC2C9-1252-4658-9ADD-EE7D56D1A0DB}"
EndProject
Project("{FAE04EC0-301F-11D3-BF4B-00C04F79EFBC}") = "MegaBite.Clients.Web.Sugar", "Clients\Web\Sugar\MegaBite.Clients.Web.Sugar.csproj", "{699CC04A-F8F1-434C-842D-F2BAC89321D3}"
EndProject
Project("{2150E333-8FDC-42A3-9474-1A3956D46DE8}") = "WebJS", "WebJS", "{C49FB5FC-099D-4795-A74D-A2BFCE05854F}"
EndProject
Project("{E24C65DC-7377-472B-9ABA-BC803B73C61A}") = "MegaBite.Clients.WebJS", "Clients\WebJS\MegaBite.Clients.WebJS", "{21D44ED9-A0FB-4ED4-9C8D-C17F7628CFEB}"
	ProjectSection(WebsiteProperties) = preProject
		SccProjectName = "SAK"
		SccAuxPath = "SAK"
		SccLocalPath = "SAK"
		SccProvider = "SAK"
		TargetFrameworkMoniker = ".NETFramework,Version%3Dv4.5.2"
		Debug.AspNetCompiler.VirtualPath = "/localhost_31594"
		Debug.AspNetCompiler.PhysicalPath = "Clients\WebJS\MegaBite.Clients.WebJS\"
		Debug.AspNetCompiler.TargetPath = "PrecompiledWeb\localhost_31594\"
		Debug.AspNetCompiler.Updateable = "true"
		Debug.AspNetCompiler.ForceOverwrite = "true"
		Debug.AspNetCompiler.FixedNames = "false"
		Debug.AspNetCompiler.Debug = "True"
		Release.AspNetCompiler.VirtualPath = "/localhost_31594"
		Release.AspNetCompiler.PhysicalPath = "Clients\WebJS\MegaBite.Clients.WebJS\"
		Release.AspNetCompiler.TargetPath = "PrecompiledWeb\localhost_31594\"
		Release.AspNetCompiler.Updateable = "true"
		Release.AspNetCompiler.ForceOverwrite = "true"
		Release.AspNetCompiler.FixedNames = "false"
		Release.AspNetCompiler.Debug = "False"
		VWDPort = "31594"
		SlnRelativePath = "Clients\WebJS\MegaBite.Clients.WebJS\"
		DefaultWebSiteLanguage = "Visual C#"
	EndProjectSection
EndProject
Global
	GlobalSection(SolutionConfigurationPlatforms) = preSolution
		Debug|Any CPU = Debug|Any CPU
		Debug|ARM = Debug|ARM
		Debug|x64 = Debug|x64
		Debug|x86 = Debug|x86
		Release|Any CPU = Release|Any CPU
		Release|ARM = Release|ARM
		Release|x64 = Release|x64
		Release|x86 = Release|x86
	EndGlobalSection
	GlobalSection(ProjectConfigurationPlatforms) = postSolution
		{0E4B9BDC-1517-492E-83DE-57D1BEDA962B}.Debug|Any CPU.ActiveCfg = Debug|Any CPU
		{0E4B9BDC-1517-492E-83DE-57D1BEDA962B}.Debug|Any CPU.Build.0 = Debug|Any CPU
		{0E4B9BDC-1517-492E-83DE-57D1BEDA962B}.Debug|ARM.ActiveCfg = Debug|Any CPU
		{0E4B9BDC-1517-492E-83DE-57D1BEDA962B}.Debug|ARM.Build.0 = Debug|Any CPU
		{0E4B9BDC-1517-492E-83DE-57D1BEDA962B}.Debug|x64.ActiveCfg = Debug|Any CPU
		{0E4B9BDC-1517-492E-83DE-57D1BEDA962B}.Debug|x64.Build.0 = Debug|Any CPU
		{0E4B9BDC-1517-492E-83DE-57D1BEDA962B}.Debug|x86.ActiveCfg = Debug|Any CPU
		{0E4B9BDC-1517-492E-83DE-57D1BEDA962B}.Debug|x86.Build.0 = Debug|Any CPU
		{0E4B9BDC-1517-492E-83DE-57D1BEDA962B}.Release|Any CPU.ActiveCfg = Release|Any CPU
		{0E4B9BDC-1517-492E-83DE-57D1BEDA962B}.Release|Any CPU.Build.0 = Release|Any CPU
		{0E4B9BDC-1517-492E-83DE-57D1BEDA962B}.Release|ARM.ActiveCfg = Release|Any CPU
		{0E4B9BDC-1517-492E-83DE-57D1BEDA962B}.Release|ARM.Build.0 = Release|Any CPU
		{0E4B9BDC-1517-492E-83DE-57D1BEDA962B}.Release|x64.ActiveCfg = Release|Any CPU
		{0E4B9BDC-1517-492E-83DE-57D1BEDA962B}.Release|x64.Build.0 = Release|Any CPU
		{0E4B9BDC-1517-492E-83DE-57D1BEDA962B}.Release|x86.ActiveCfg = Release|Any CPU
		{0E4B9BDC-1517-492E-83DE-57D1BEDA962B}.Release|x86.Build.0 = Release|Any CPU
		{95B16E83-226A-48D0-B0A5-EEC7AB4D8ADE}.Debug|Any CPU.ActiveCfg = Debug|Any CPU
		{95B16E83-226A-48D0-B0A5-EEC7AB4D8ADE}.Debug|Any CPU.Build.0 = Debug|Any CPU
		{95B16E83-226A-48D0-B0A5-EEC7AB4D8ADE}.Debug|ARM.ActiveCfg = Debug|Any CPU
		{95B16E83-226A-48D0-B0A5-EEC7AB4D8ADE}.Debug|ARM.Build.0 = Debug|Any CPU
		{95B16E83-226A-48D0-B0A5-EEC7AB4D8ADE}.Debug|x64.ActiveCfg = Debug|Any CPU
		{95B16E83-226A-48D0-B0A5-EEC7AB4D8ADE}.Debug|x64.Build.0 = Debug|Any CPU
		{95B16E83-226A-48D0-B0A5-EEC7AB4D8ADE}.Debug|x86.ActiveCfg = Debug|Any CPU
		{95B16E83-226A-48D0-B0A5-EEC7AB4D8ADE}.Debug|x86.Build.0 = Debug|Any CPU
		{95B16E83-226A-48D0-B0A5-EEC7AB4D8ADE}.Release|Any CPU.ActiveCfg = Release|Any CPU
		{95B16E83-226A-48D0-B0A5-EEC7AB4D8ADE}.Release|Any CPU.Build.0 = Release|Any CPU
		{95B16E83-226A-48D0-B0A5-EEC7AB4D8ADE}.Release|ARM.ActiveCfg = Release|Any CPU
		{95B16E83-226A-48D0-B0A5-EEC7AB4D8ADE}.Release|ARM.Build.0 = Release|Any CPU
		{95B16E83-226A-48D0-B0A5-EEC7AB4D8ADE}.Release|x64.ActiveCfg = Release|Any CPU
		{95B16E83-226A-48D0-B0A5-EEC7AB4D8ADE}.Release|x64.Build.0 = Release|Any CPU
		{95B16E83-226A-48D0-B0A5-EEC7AB4D8ADE}.Release|x86.ActiveCfg = Release|Any CPU
		{95B16E83-226A-48D0-B0A5-EEC7AB4D8ADE}.Release|x86.Build.0 = Release|Any CPU
		{8F4C7063-EA49-4D6D-8BFA-C777C17502AC}.Debug|Any CPU.ActiveCfg = Debug|Any CPU
		{8F4C7063-EA49-4D6D-8BFA-C777C17502AC}.Debug|Any CPU.Build.0 = Debug|Any CPU
		{8F4C7063-EA49-4D6D-8BFA-C777C17502AC}.Debug|ARM.ActiveCfg = Debug|Any CPU
		{8F4C7063-EA49-4D6D-8BFA-C777C17502AC}.Debug|ARM.Build.0 = Debug|Any CPU
		{8F4C7063-EA49-4D6D-8BFA-C777C17502AC}.Debug|x64.ActiveCfg = Debug|Any CPU
		{8F4C7063-EA49-4D6D-8BFA-C777C17502AC}.Debug|x64.Build.0 = Debug|Any CPU
		{8F4C7063-EA49-4D6D-8BFA-C777C17502AC}.Debug|x86.ActiveCfg = Debug|Any CPU
		{8F4C7063-EA49-4D6D-8BFA-C777C17502AC}.Debug|x86.Build.0 = Debug|Any CPU
		{8F4C7063-EA49-4D6D-8BFA-C777C17502AC}.Release|Any CPU.ActiveCfg = Release|Any CPU
		{8F4C7063-EA49-4D6D-8BFA-C777C17502AC}.Release|Any CPU.Build.0 = Release|Any CPU
		{8F4C7063-EA49-4D6D-8BFA-C777C17502AC}.Release|ARM.ActiveCfg = Release|Any CPU
		{8F4C7063-EA49-4D6D-8BFA-C777C17502AC}.Release|ARM.Build.0 = Release|Any CPU
		{8F4C7063-EA49-4D6D-8BFA-C777C17502AC}.Release|x64.ActiveCfg = Release|Any CPU
		{8F4C7063-EA49-4D6D-8BFA-C777C17502AC}.Release|x64.Build.0 = Release|Any CPU
		{8F4C7063-EA49-4D6D-8BFA-C777C17502AC}.Release|x86.ActiveCfg = Release|Any CPU
		{8F4C7063-EA49-4D6D-8BFA-C777C17502AC}.Release|x86.Build.0 = Release|Any CPU
		{68A8D296-0B05-474F-87E9-29749A89EF0E}.Debug|Any CPU.ActiveCfg = Debug|Any CPU
		{68A8D296-0B05-474F-87E9-29749A89EF0E}.Debug|Any CPU.Build.0 = Debug|Any CPU
		{68A8D296-0B05-474F-87E9-29749A89EF0E}.Debug|ARM.ActiveCfg = Debug|Any CPU
		{68A8D296-0B05-474F-87E9-29749A89EF0E}.Debug|ARM.Build.0 = Debug|Any CPU
		{68A8D296-0B05-474F-87E9-29749A89EF0E}.Debug|x64.ActiveCfg = Debug|Any CPU
		{68A8D296-0B05-474F-87E9-29749A89EF0E}.Debug|x64.Build.0 = Debug|Any CPU
		{68A8D296-0B05-474F-87E9-29749A89EF0E}.Debug|x86.ActiveCfg = Debug|Any CPU
		{68A8D296-0B05-474F-87E9-29749A89EF0E}.Debug|x86.Build.0 = Debug|Any CPU
		{68A8D296-0B05-474F-87E9-29749A89EF0E}.Release|Any CPU.ActiveCfg = Release|Any CPU
		{68A8D296-0B05-474F-87E9-29749A89EF0E}.Release|Any CPU.Build.0 = Release|Any CPU
		{68A8D296-0B05-474F-87E9-29749A89EF0E}.Release|ARM.ActiveCfg = Release|Any CPU
		{68A8D296-0B05-474F-87E9-29749A89EF0E}.Release|ARM.Build.0 = Release|Any CPU
		{68A8D296-0B05-474F-87E9-29749A89EF0E}.Release|x64.ActiveCfg = Release|Any CPU
		{68A8D296-0B05-474F-87E9-29749A89EF0E}.Release|x64.Build.0 = Release|Any CPU
		{68A8D296-0B05-474F-87E9-29749A89EF0E}.Release|x86.ActiveCfg = Release|Any CPU
		{68A8D296-0B05-474F-87E9-29749A89EF0E}.Release|x86.Build.0 = Release|Any CPU
		{D64937EB-7F8E-4127-BC59-98C276E9BBD2}.Debug|Any CPU.ActiveCfg = Debug|Any CPU
		{D64937EB-7F8E-4127-BC59-98C276E9BBD2}.Debug|Any CPU.Build.0 = Debug|Any CPU
		{D64937EB-7F8E-4127-BC59-98C276E9BBD2}.Debug|ARM.ActiveCfg = Debug|Any CPU
		{D64937EB-7F8E-4127-BC59-98C276E9BBD2}.Debug|ARM.Build.0 = Debug|Any CPU
		{D64937EB-7F8E-4127-BC59-98C276E9BBD2}.Debug|x64.ActiveCfg = Debug|Any CPU
		{D64937EB-7F8E-4127-BC59-98C276E9BBD2}.Debug|x64.Build.0 = Debug|Any CPU
		{D64937EB-7F8E-4127-BC59-98C276E9BBD2}.Debug|x86.ActiveCfg = Debug|Any CPU
		{D64937EB-7F8E-4127-BC59-98C276E9BBD2}.Debug|x86.Build.0 = Debug|Any CPU
		{D64937EB-7F8E-4127-BC59-98C276E9BBD2}.Release|Any CPU.ActiveCfg = Release|Any CPU
		{D64937EB-7F8E-4127-BC59-98C276E9BBD2}.Release|Any CPU.Build.0 = Release|Any CPU
		{D64937EB-7F8E-4127-BC59-98C276E9BBD2}.Release|ARM.ActiveCfg = Release|Any CPU
		{D64937EB-7F8E-4127-BC59-98C276E9BBD2}.Release|ARM.Build.0 = Release|Any CPU
		{D64937EB-7F8E-4127-BC59-98C276E9BBD2}.Release|x64.ActiveCfg = Release|Any CPU
		{D64937EB-7F8E-4127-BC59-98C276E9BBD2}.Release|x64.Build.0 = Release|Any CPU
		{D64937EB-7F8E-4127-BC59-98C276E9BBD2}.Release|x86.ActiveCfg = Release|Any CPU
		{D64937EB-7F8E-4127-BC59-98C276E9BBD2}.Release|x86.Build.0 = Release|Any CPU
		{61664537-6FD9-46C8-8320-CAABEA565231}.Debug|Any CPU.ActiveCfg = Debug|Any CPU
		{61664537-6FD9-46C8-8320-CAABEA565231}.Debug|Any CPU.Build.0 = Debug|Any CPU
		{61664537-6FD9-46C8-8320-CAABEA565231}.Debug|ARM.ActiveCfg = Debug|Any CPU
		{61664537-6FD9-46C8-8320-CAABEA565231}.Debug|ARM.Build.0 = Debug|Any CPU
		{61664537-6FD9-46C8-8320-CAABEA565231}.Debug|x64.ActiveCfg = Debug|Any CPU
		{61664537-6FD9-46C8-8320-CAABEA565231}.Debug|x64.Build.0 = Debug|Any CPU
		{61664537-6FD9-46C8-8320-CAABEA565231}.Debug|x86.ActiveCfg = Debug|Any CPU
		{61664537-6FD9-46C8-8320-CAABEA565231}.Debug|x86.Build.0 = Debug|Any CPU
		{61664537-6FD9-46C8-8320-CAABEA565231}.Release|Any CPU.ActiveCfg = Release|Any CPU
		{61664537-6FD9-46C8-8320-CAABEA565231}.Release|Any CPU.Build.0 = Release|Any CPU
		{61664537-6FD9-46C8-8320-CAABEA565231}.Release|ARM.ActiveCfg = Release|Any CPU
		{61664537-6FD9-46C8-8320-CAABEA565231}.Release|ARM.Build.0 = Release|Any CPU
		{61664537-6FD9-46C8-8320-CAABEA565231}.Release|x64.ActiveCfg = Release|Any CPU
		{61664537-6FD9-46C8-8320-CAABEA565231}.Release|x64.Build.0 = Release|Any CPU
		{61664537-6FD9-46C8-8320-CAABEA565231}.Release|x86.ActiveCfg = Release|Any CPU
		{61664537-6FD9-46C8-8320-CAABEA565231}.Release|x86.Build.0 = Release|Any CPU
		{54502F8D-CD73-4155-BCB7-6E8FC59CBD65}.Debug|Any CPU.ActiveCfg = Debug|Any CPU
		{54502F8D-CD73-4155-BCB7-6E8FC59CBD65}.Debug|Any CPU.Build.0 = Debug|Any CPU
		{54502F8D-CD73-4155-BCB7-6E8FC59CBD65}.Debug|ARM.ActiveCfg = Debug|Any CPU
		{54502F8D-CD73-4155-BCB7-6E8FC59CBD65}.Debug|ARM.Build.0 = Debug|Any CPU
		{54502F8D-CD73-4155-BCB7-6E8FC59CBD65}.Debug|x64.ActiveCfg = Debug|Any CPU
		{54502F8D-CD73-4155-BCB7-6E8FC59CBD65}.Debug|x64.Build.0 = Debug|Any CPU
		{54502F8D-CD73-4155-BCB7-6E8FC59CBD65}.Debug|x86.ActiveCfg = Debug|Any CPU
		{54502F8D-CD73-4155-BCB7-6E8FC59CBD65}.Debug|x86.Build.0 = Debug|Any CPU
		{54502F8D-CD73-4155-BCB7-6E8FC59CBD65}.Release|Any CPU.ActiveCfg = Release|Any CPU
		{54502F8D-CD73-4155-BCB7-6E8FC59CBD65}.Release|Any CPU.Build.0 = Release|Any CPU
		{54502F8D-CD73-4155-BCB7-6E8FC59CBD65}.Release|ARM.ActiveCfg = Release|Any CPU
		{54502F8D-CD73-4155-BCB7-6E8FC59CBD65}.Release|ARM.Build.0 = Release|Any CPU
		{54502F8D-CD73-4155-BCB7-6E8FC59CBD65}.Release|x64.ActiveCfg = Release|Any CPU
		{54502F8D-CD73-4155-BCB7-6E8FC59CBD65}.Release|x64.Build.0 = Release|Any CPU
		{54502F8D-CD73-4155-BCB7-6E8FC59CBD65}.Release|x86.ActiveCfg = Release|Any CPU
		{54502F8D-CD73-4155-BCB7-6E8FC59CBD65}.Release|x86.Build.0 = Release|Any CPU
		{37943816-1A33-460C-8D3F-E7FE5F4B6F1C}.Debug|Any CPU.ActiveCfg = Debug|Any CPU
		{37943816-1A33-460C-8D3F-E7FE5F4B6F1C}.Debug|Any CPU.Build.0 = Debug|Any CPU
		{37943816-1A33-460C-8D3F-E7FE5F4B6F1C}.Debug|ARM.ActiveCfg = Debug|Any CPU
		{37943816-1A33-460C-8D3F-E7FE5F4B6F1C}.Debug|ARM.Build.0 = Debug|Any CPU
		{37943816-1A33-460C-8D3F-E7FE5F4B6F1C}.Debug|x64.ActiveCfg = Debug|Any CPU
		{37943816-1A33-460C-8D3F-E7FE5F4B6F1C}.Debug|x64.Build.0 = Debug|Any CPU
		{37943816-1A33-460C-8D3F-E7FE5F4B6F1C}.Debug|x86.ActiveCfg = Debug|Any CPU
		{37943816-1A33-460C-8D3F-E7FE5F4B6F1C}.Debug|x86.Build.0 = Debug|Any CPU
		{37943816-1A33-460C-8D3F-E7FE5F4B6F1C}.Release|Any CPU.ActiveCfg = Release|Any CPU
		{37943816-1A33-460C-8D3F-E7FE5F4B6F1C}.Release|Any CPU.Build.0 = Release|Any CPU
		{37943816-1A33-460C-8D3F-E7FE5F4B6F1C}.Release|ARM.ActiveCfg = Release|Any CPU
		{37943816-1A33-460C-8D3F-E7FE5F4B6F1C}.Release|ARM.Build.0 = Release|Any CPU
		{37943816-1A33-460C-8D3F-E7FE5F4B6F1C}.Release|x64.ActiveCfg = Release|Any CPU
		{37943816-1A33-460C-8D3F-E7FE5F4B6F1C}.Release|x64.Build.0 = Release|Any CPU
		{37943816-1A33-460C-8D3F-E7FE5F4B6F1C}.Release|x86.ActiveCfg = Release|Any CPU
		{37943816-1A33-460C-8D3F-E7FE5F4B6F1C}.Release|x86.Build.0 = Release|Any CPU
		{DFC057C4-2FF4-4BCA-9003-549EDD0F3408}.Debug|Any CPU.ActiveCfg = Debug|Any CPU
		{DFC057C4-2FF4-4BCA-9003-549EDD0F3408}.Debug|Any CPU.Build.0 = Debug|Any CPU
		{DFC057C4-2FF4-4BCA-9003-549EDD0F3408}.Debug|ARM.ActiveCfg = Debug|Any CPU
		{DFC057C4-2FF4-4BCA-9003-549EDD0F3408}.Debug|ARM.Build.0 = Debug|Any CPU
		{DFC057C4-2FF4-4BCA-9003-549EDD0F3408}.Debug|x64.ActiveCfg = Debug|Any CPU
		{DFC057C4-2FF4-4BCA-9003-549EDD0F3408}.Debug|x64.Build.0 = Debug|Any CPU
		{DFC057C4-2FF4-4BCA-9003-549EDD0F3408}.Debug|x86.ActiveCfg = Debug|Any CPU
		{DFC057C4-2FF4-4BCA-9003-549EDD0F3408}.Debug|x86.Build.0 = Debug|Any CPU
		{DFC057C4-2FF4-4BCA-9003-549EDD0F3408}.Release|Any CPU.ActiveCfg = Release|Any CPU
		{DFC057C4-2FF4-4BCA-9003-549EDD0F3408}.Release|Any CPU.Build.0 = Release|Any CPU
		{DFC057C4-2FF4-4BCA-9003-549EDD0F3408}.Release|ARM.ActiveCfg = Release|Any CPU
		{DFC057C4-2FF4-4BCA-9003-549EDD0F3408}.Release|ARM.Build.0 = Release|Any CPU
		{DFC057C4-2FF4-4BCA-9003-549EDD0F3408}.Release|x64.ActiveCfg = Release|Any CPU
		{DFC057C4-2FF4-4BCA-9003-549EDD0F3408}.Release|x64.Build.0 = Release|Any CPU
		{DFC057C4-2FF4-4BCA-9003-549EDD0F3408}.Release|x86.ActiveCfg = Release|Any CPU
		{DFC057C4-2FF4-4BCA-9003-549EDD0F3408}.Release|x86.Build.0 = Release|Any CPU
		{5229B71B-E6C4-4D64-B4A5-2B1DAE1C4ED1}.Debug|Any CPU.ActiveCfg = Debug|Any CPU
		{5229B71B-E6C4-4D64-B4A5-2B1DAE1C4ED1}.Debug|Any CPU.Build.0 = Debug|Any CPU
		{5229B71B-E6C4-4D64-B4A5-2B1DAE1C4ED1}.Debug|ARM.ActiveCfg = Debug|Any CPU
		{5229B71B-E6C4-4D64-B4A5-2B1DAE1C4ED1}.Debug|ARM.Build.0 = Debug|Any CPU
		{5229B71B-E6C4-4D64-B4A5-2B1DAE1C4ED1}.Debug|x64.ActiveCfg = Debug|Any CPU
		{5229B71B-E6C4-4D64-B4A5-2B1DAE1C4ED1}.Debug|x64.Build.0 = Debug|Any CPU
		{5229B71B-E6C4-4D64-B4A5-2B1DAE1C4ED1}.Debug|x86.ActiveCfg = Debug|Any CPU
		{5229B71B-E6C4-4D64-B4A5-2B1DAE1C4ED1}.Debug|x86.Build.0 = Debug|Any CPU
		{5229B71B-E6C4-4D64-B4A5-2B1DAE1C4ED1}.Release|Any CPU.ActiveCfg = Release|Any CPU
		{5229B71B-E6C4-4D64-B4A5-2B1DAE1C4ED1}.Release|Any CPU.Build.0 = Release|Any CPU
		{5229B71B-E6C4-4D64-B4A5-2B1DAE1C4ED1}.Release|ARM.ActiveCfg = Release|Any CPU
		{5229B71B-E6C4-4D64-B4A5-2B1DAE1C4ED1}.Release|ARM.Build.0 = Release|Any CPU
		{5229B71B-E6C4-4D64-B4A5-2B1DAE1C4ED1}.Release|x64.ActiveCfg = Release|Any CPU
		{5229B71B-E6C4-4D64-B4A5-2B1DAE1C4ED1}.Release|x64.Build.0 = Release|Any CPU
		{5229B71B-E6C4-4D64-B4A5-2B1DAE1C4ED1}.Release|x86.ActiveCfg = Release|Any CPU
		{5229B71B-E6C4-4D64-B4A5-2B1DAE1C4ED1}.Release|x86.Build.0 = Release|Any CPU
		{E7C7EFBE-14D9-480D-8B7C-63AF3AB9612F}.Debug|Any CPU.ActiveCfg = Debug|Any CPU
		{E7C7EFBE-14D9-480D-8B7C-63AF3AB9612F}.Debug|Any CPU.Build.0 = Debug|Any CPU
		{E7C7EFBE-14D9-480D-8B7C-63AF3AB9612F}.Debug|ARM.ActiveCfg = Debug|Any CPU
		{E7C7EFBE-14D9-480D-8B7C-63AF3AB9612F}.Debug|ARM.Build.0 = Debug|Any CPU
		{E7C7EFBE-14D9-480D-8B7C-63AF3AB9612F}.Debug|x64.ActiveCfg = Debug|Any CPU
		{E7C7EFBE-14D9-480D-8B7C-63AF3AB9612F}.Debug|x64.Build.0 = Debug|Any CPU
		{E7C7EFBE-14D9-480D-8B7C-63AF3AB9612F}.Debug|x86.ActiveCfg = Debug|Any CPU
		{E7C7EFBE-14D9-480D-8B7C-63AF3AB9612F}.Debug|x86.Build.0 = Debug|Any CPU
		{E7C7EFBE-14D9-480D-8B7C-63AF3AB9612F}.Release|Any CPU.ActiveCfg = Release|Any CPU
		{E7C7EFBE-14D9-480D-8B7C-63AF3AB9612F}.Release|Any CPU.Build.0 = Release|Any CPU
		{E7C7EFBE-14D9-480D-8B7C-63AF3AB9612F}.Release|ARM.ActiveCfg = Release|Any CPU
		{E7C7EFBE-14D9-480D-8B7C-63AF3AB9612F}.Release|ARM.Build.0 = Release|Any CPU
		{E7C7EFBE-14D9-480D-8B7C-63AF3AB9612F}.Release|x64.ActiveCfg = Release|Any CPU
		{E7C7EFBE-14D9-480D-8B7C-63AF3AB9612F}.Release|x64.Build.0 = Release|Any CPU
		{E7C7EFBE-14D9-480D-8B7C-63AF3AB9612F}.Release|x86.ActiveCfg = Release|Any CPU
		{E7C7EFBE-14D9-480D-8B7C-63AF3AB9612F}.Release|x86.Build.0 = Release|Any CPU
		{6B078018-D57D-446B-96F2-C62E08345143}.Debug|Any CPU.ActiveCfg = Debug|Any CPU
		{6B078018-D57D-446B-96F2-C62E08345143}.Debug|Any CPU.Build.0 = Debug|Any CPU
		{6B078018-D57D-446B-96F2-C62E08345143}.Debug|ARM.ActiveCfg = Debug|Any CPU
		{6B078018-D57D-446B-96F2-C62E08345143}.Debug|ARM.Build.0 = Debug|Any CPU
		{6B078018-D57D-446B-96F2-C62E08345143}.Debug|x64.ActiveCfg = Debug|Any CPU
		{6B078018-D57D-446B-96F2-C62E08345143}.Debug|x64.Build.0 = Debug|Any CPU
		{6B078018-D57D-446B-96F2-C62E08345143}.Debug|x86.ActiveCfg = Debug|Any CPU
		{6B078018-D57D-446B-96F2-C62E08345143}.Debug|x86.Build.0 = Debug|Any CPU
		{6B078018-D57D-446B-96F2-C62E08345143}.Release|Any CPU.ActiveCfg = Release|Any CPU
		{6B078018-D57D-446B-96F2-C62E08345143}.Release|Any CPU.Build.0 = Release|Any CPU
		{6B078018-D57D-446B-96F2-C62E08345143}.Release|ARM.ActiveCfg = Release|Any CPU
		{6B078018-D57D-446B-96F2-C62E08345143}.Release|ARM.Build.0 = Release|Any CPU
		{6B078018-D57D-446B-96F2-C62E08345143}.Release|x64.ActiveCfg = Release|Any CPU
		{6B078018-D57D-446B-96F2-C62E08345143}.Release|x64.Build.0 = Release|Any CPU
		{6B078018-D57D-446B-96F2-C62E08345143}.Release|x86.ActiveCfg = Release|Any CPU
		{6B078018-D57D-446B-96F2-C62E08345143}.Release|x86.Build.0 = Release|Any CPU
		{305B4451-AD3D-450D-A5DE-6D5D15A1BF89}.Debug|Any CPU.ActiveCfg = Debug|Any CPU
		{305B4451-AD3D-450D-A5DE-6D5D15A1BF89}.Debug|Any CPU.Build.0 = Debug|Any CPU
		{305B4451-AD3D-450D-A5DE-6D5D15A1BF89}.Debug|ARM.ActiveCfg = Debug|Any CPU
		{305B4451-AD3D-450D-A5DE-6D5D15A1BF89}.Debug|ARM.Build.0 = Debug|Any CPU
		{305B4451-AD3D-450D-A5DE-6D5D15A1BF89}.Debug|x64.ActiveCfg = Debug|Any CPU
		{305B4451-AD3D-450D-A5DE-6D5D15A1BF89}.Debug|x64.Build.0 = Debug|Any CPU
		{305B4451-AD3D-450D-A5DE-6D5D15A1BF89}.Debug|x86.ActiveCfg = Debug|Any CPU
		{305B4451-AD3D-450D-A5DE-6D5D15A1BF89}.Debug|x86.Build.0 = Debug|Any CPU
		{305B4451-AD3D-450D-A5DE-6D5D15A1BF89}.Release|Any CPU.ActiveCfg = Release|Any CPU
		{305B4451-AD3D-450D-A5DE-6D5D15A1BF89}.Release|Any CPU.Build.0 = Release|Any CPU
		{305B4451-AD3D-450D-A5DE-6D5D15A1BF89}.Release|ARM.ActiveCfg = Release|Any CPU
		{305B4451-AD3D-450D-A5DE-6D5D15A1BF89}.Release|ARM.Build.0 = Release|Any CPU
		{305B4451-AD3D-450D-A5DE-6D5D15A1BF89}.Release|x64.ActiveCfg = Release|Any CPU
		{305B4451-AD3D-450D-A5DE-6D5D15A1BF89}.Release|x64.Build.0 = Release|Any CPU
		{305B4451-AD3D-450D-A5DE-6D5D15A1BF89}.Release|x86.ActiveCfg = Release|Any CPU
		{305B4451-AD3D-450D-A5DE-6D5D15A1BF89}.Release|x86.Build.0 = Release|Any CPU
		{42943BC1-D5D6-4972-B5D3-1A49E6955508}.Debug|Any CPU.ActiveCfg = Debug|Any CPU
		{42943BC1-D5D6-4972-B5D3-1A49E6955508}.Debug|Any CPU.Build.0 = Debug|Any CPU
		{42943BC1-D5D6-4972-B5D3-1A49E6955508}.Debug|ARM.ActiveCfg = Debug|Any CPU
		{42943BC1-D5D6-4972-B5D3-1A49E6955508}.Debug|ARM.Build.0 = Debug|Any CPU
		{42943BC1-D5D6-4972-B5D3-1A49E6955508}.Debug|x64.ActiveCfg = Debug|Any CPU
		{42943BC1-D5D6-4972-B5D3-1A49E6955508}.Debug|x64.Build.0 = Debug|Any CPU
		{42943BC1-D5D6-4972-B5D3-1A49E6955508}.Debug|x86.ActiveCfg = Debug|Any CPU
		{42943BC1-D5D6-4972-B5D3-1A49E6955508}.Debug|x86.Build.0 = Debug|Any CPU
		{42943BC1-D5D6-4972-B5D3-1A49E6955508}.Release|Any CPU.ActiveCfg = Release|Any CPU
		{42943BC1-D5D6-4972-B5D3-1A49E6955508}.Release|Any CPU.Build.0 = Release|Any CPU
		{42943BC1-D5D6-4972-B5D3-1A49E6955508}.Release|ARM.ActiveCfg = Release|Any CPU
		{42943BC1-D5D6-4972-B5D3-1A49E6955508}.Release|ARM.Build.0 = Release|Any CPU
		{42943BC1-D5D6-4972-B5D3-1A49E6955508}.Release|x64.ActiveCfg = Release|Any CPU
		{42943BC1-D5D6-4972-B5D3-1A49E6955508}.Release|x64.Build.0 = Release|Any CPU
		{42943BC1-D5D6-4972-B5D3-1A49E6955508}.Release|x86.ActiveCfg = Release|Any CPU
		{42943BC1-D5D6-4972-B5D3-1A49E6955508}.Release|x86.Build.0 = Release|Any CPU
		{236174DB-9074-4010-9057-DBCE61ED8E85}.Debug|Any CPU.ActiveCfg = Debug|Any CPU
		{236174DB-9074-4010-9057-DBCE61ED8E85}.Debug|Any CPU.Build.0 = Debug|Any CPU
		{236174DB-9074-4010-9057-DBCE61ED8E85}.Debug|ARM.ActiveCfg = Debug|Any CPU
		{236174DB-9074-4010-9057-DBCE61ED8E85}.Debug|ARM.Build.0 = Debug|Any CPU
		{236174DB-9074-4010-9057-DBCE61ED8E85}.Debug|x64.ActiveCfg = Debug|Any CPU
		{236174DB-9074-4010-9057-DBCE61ED8E85}.Debug|x64.Build.0 = Debug|Any CPU
		{236174DB-9074-4010-9057-DBCE61ED8E85}.Debug|x86.ActiveCfg = Debug|Any CPU
		{236174DB-9074-4010-9057-DBCE61ED8E85}.Debug|x86.Build.0 = Debug|Any CPU
		{236174DB-9074-4010-9057-DBCE61ED8E85}.Release|Any CPU.ActiveCfg = Release|Any CPU
		{236174DB-9074-4010-9057-DBCE61ED8E85}.Release|Any CPU.Build.0 = Release|Any CPU
		{236174DB-9074-4010-9057-DBCE61ED8E85}.Release|ARM.ActiveCfg = Release|Any CPU
		{236174DB-9074-4010-9057-DBCE61ED8E85}.Release|ARM.Build.0 = Release|Any CPU
		{236174DB-9074-4010-9057-DBCE61ED8E85}.Release|x64.ActiveCfg = Release|Any CPU
		{236174DB-9074-4010-9057-DBCE61ED8E85}.Release|x64.Build.0 = Release|Any CPU
		{236174DB-9074-4010-9057-DBCE61ED8E85}.Release|x86.ActiveCfg = Release|Any CPU
		{236174DB-9074-4010-9057-DBCE61ED8E85}.Release|x86.Build.0 = Release|Any CPU
		{D7742EBF-DEEB-434A-B0A0-26BD69A30D9F}.Debug|Any CPU.ActiveCfg = Debug|x86
		{D7742EBF-DEEB-434A-B0A0-26BD69A30D9F}.Debug|ARM.ActiveCfg = Debug|ARM
		{D7742EBF-DEEB-434A-B0A0-26BD69A30D9F}.Debug|ARM.Build.0 = Debug|ARM
		{D7742EBF-DEEB-434A-B0A0-26BD69A30D9F}.Debug|ARM.Deploy.0 = Debug|ARM
		{D7742EBF-DEEB-434A-B0A0-26BD69A30D9F}.Debug|x64.ActiveCfg = Debug|x64
		{D7742EBF-DEEB-434A-B0A0-26BD69A30D9F}.Debug|x64.Build.0 = Debug|x64
		{D7742EBF-DEEB-434A-B0A0-26BD69A30D9F}.Debug|x64.Deploy.0 = Debug|x64
		{D7742EBF-DEEB-434A-B0A0-26BD69A30D9F}.Debug|x86.ActiveCfg = Debug|x86
		{D7742EBF-DEEB-434A-B0A0-26BD69A30D9F}.Debug|x86.Build.0 = Debug|x86
		{D7742EBF-DEEB-434A-B0A0-26BD69A30D9F}.Debug|x86.Deploy.0 = Debug|x86
		{D7742EBF-DEEB-434A-B0A0-26BD69A30D9F}.Release|Any CPU.ActiveCfg = Release|x86
		{D7742EBF-DEEB-434A-B0A0-26BD69A30D9F}.Release|ARM.ActiveCfg = Release|ARM
		{D7742EBF-DEEB-434A-B0A0-26BD69A30D9F}.Release|ARM.Build.0 = Release|ARM
		{D7742EBF-DEEB-434A-B0A0-26BD69A30D9F}.Release|ARM.Deploy.0 = Release|ARM
		{D7742EBF-DEEB-434A-B0A0-26BD69A30D9F}.Release|x64.ActiveCfg = Release|x64
		{D7742EBF-DEEB-434A-B0A0-26BD69A30D9F}.Release|x64.Build.0 = Release|x64
		{D7742EBF-DEEB-434A-B0A0-26BD69A30D9F}.Release|x64.Deploy.0 = Release|x64
		{D7742EBF-DEEB-434A-B0A0-26BD69A30D9F}.Release|x86.ActiveCfg = Release|x86
		{D7742EBF-DEEB-434A-B0A0-26BD69A30D9F}.Release|x86.Build.0 = Release|x86
		{D7742EBF-DEEB-434A-B0A0-26BD69A30D9F}.Release|x86.Deploy.0 = Release|x86
		{10DCC2C9-1252-4658-9ADD-EE7D56D1A0DB}.Debug|Any CPU.ActiveCfg = Debug|x86
		{10DCC2C9-1252-4658-9ADD-EE7D56D1A0DB}.Debug|ARM.ActiveCfg = Debug|ARM
		{10DCC2C9-1252-4658-9ADD-EE7D56D1A0DB}.Debug|ARM.Build.0 = Debug|ARM
		{10DCC2C9-1252-4658-9ADD-EE7D56D1A0DB}.Debug|ARM.Deploy.0 = Debug|ARM
		{10DCC2C9-1252-4658-9ADD-EE7D56D1A0DB}.Debug|x64.ActiveCfg = Debug|x64
		{10DCC2C9-1252-4658-9ADD-EE7D56D1A0DB}.Debug|x64.Build.0 = Debug|x64
		{10DCC2C9-1252-4658-9ADD-EE7D56D1A0DB}.Debug|x64.Deploy.0 = Debug|x64
		{10DCC2C9-1252-4658-9ADD-EE7D56D1A0DB}.Debug|x86.ActiveCfg = Debug|x86
		{10DCC2C9-1252-4658-9ADD-EE7D56D1A0DB}.Debug|x86.Build.0 = Debug|x86
		{10DCC2C9-1252-4658-9ADD-EE7D56D1A0DB}.Debug|x86.Deploy.0 = Debug|x86
		{10DCC2C9-1252-4658-9ADD-EE7D56D1A0DB}.Release|Any CPU.ActiveCfg = Release|x86
		{10DCC2C9-1252-4658-9ADD-EE7D56D1A0DB}.Release|ARM.ActiveCfg = Release|ARM
		{10DCC2C9-1252-4658-9ADD-EE7D56D1A0DB}.Release|ARM.Build.0 = Release|ARM
		{10DCC2C9-1252-4658-9ADD-EE7D56D1A0DB}.Release|ARM.Deploy.0 = Release|ARM
		{10DCC2C9-1252-4658-9ADD-EE7D56D1A0DB}.Release|x64.ActiveCfg = Release|x64
		{10DCC2C9-1252-4658-9ADD-EE7D56D1A0DB}.Release|x64.Build.0 = Release|x64
		{10DCC2C9-1252-4658-9ADD-EE7D56D1A0DB}.Release|x64.Deploy.0 = Release|x64
		{10DCC2C9-1252-4658-9ADD-EE7D56D1A0DB}.Release|x86.ActiveCfg = Release|x86
		{10DCC2C9-1252-4658-9ADD-EE7D56D1A0DB}.Release|x86.Build.0 = Release|x86
		{10DCC2C9-1252-4658-9ADD-EE7D56D1A0DB}.Release|x86.Deploy.0 = Release|x86
		{699CC04A-F8F1-434C-842D-F2BAC89321D3}.Debug|Any CPU.ActiveCfg = Debug|Any CPU
		{699CC04A-F8F1-434C-842D-F2BAC89321D3}.Debug|Any CPU.Build.0 = Debug|Any CPU
		{699CC04A-F8F1-434C-842D-F2BAC89321D3}.Debug|ARM.ActiveCfg = Debug|Any CPU
		{699CC04A-F8F1-434C-842D-F2BAC89321D3}.Debug|ARM.Build.0 = Debug|Any CPU
		{699CC04A-F8F1-434C-842D-F2BAC89321D3}.Debug|x64.ActiveCfg = Debug|Any CPU
		{699CC04A-F8F1-434C-842D-F2BAC89321D3}.Debug|x64.Build.0 = Debug|Any CPU
		{699CC04A-F8F1-434C-842D-F2BAC89321D3}.Debug|x86.ActiveCfg = Debug|Any CPU
		{699CC04A-F8F1-434C-842D-F2BAC89321D3}.Debug|x86.Build.0 = Debug|Any CPU
		{699CC04A-F8F1-434C-842D-F2BAC89321D3}.Release|Any CPU.ActiveCfg = Release|Any CPU
		{699CC04A-F8F1-434C-842D-F2BAC89321D3}.Release|Any CPU.Build.0 = Release|Any CPU
		{699CC04A-F8F1-434C-842D-F2BAC89321D3}.Release|ARM.ActiveCfg = Release|Any CPU
		{699CC04A-F8F1-434C-842D-F2BAC89321D3}.Release|ARM.Build.0 = Release|Any CPU
		{699CC04A-F8F1-434C-842D-F2BAC89321D3}.Release|x64.ActiveCfg = Release|Any CPU
		{699CC04A-F8F1-434C-842D-F2BAC89321D3}.Release|x64.Build.0 = Release|Any CPU
		{699CC04A-F8F1-434C-842D-F2BAC89321D3}.Release|x86.ActiveCfg = Release|Any CPU
		{699CC04A-F8F1-434C-842D-F2BAC89321D3}.Release|x86.Build.0 = Release|Any CPU
		{21D44ED9-A0FB-4ED4-9C8D-C17F7628CFEB}.Debug|Any CPU.ActiveCfg = Debug|Any CPU
		{21D44ED9-A0FB-4ED4-9C8D-C17F7628CFEB}.Debug|Any CPU.Build.0 = Debug|Any CPU
		{21D44ED9-A0FB-4ED4-9C8D-C17F7628CFEB}.Debug|ARM.ActiveCfg = Debug|Any CPU
		{21D44ED9-A0FB-4ED4-9C8D-C17F7628CFEB}.Debug|ARM.Build.0 = Debug|Any CPU
		{21D44ED9-A0FB-4ED4-9C8D-C17F7628CFEB}.Debug|x64.ActiveCfg = Debug|Any CPU
		{21D44ED9-A0FB-4ED4-9C8D-C17F7628CFEB}.Debug|x64.Build.0 = Debug|Any CPU
		{21D44ED9-A0FB-4ED4-9C8D-C17F7628CFEB}.Debug|x86.ActiveCfg = Debug|Any CPU
		{21D44ED9-A0FB-4ED4-9C8D-C17F7628CFEB}.Debug|x86.Build.0 = Debug|Any CPU
		{21D44ED9-A0FB-4ED4-9C8D-C17F7628CFEB}.Release|Any CPU.ActiveCfg = Debug|Any CPU
		{21D44ED9-A0FB-4ED4-9C8D-C17F7628CFEB}.Release|Any CPU.Build.0 = Debug|Any CPU
		{21D44ED9-A0FB-4ED4-9C8D-C17F7628CFEB}.Release|ARM.ActiveCfg = Debug|Any CPU
		{21D44ED9-A0FB-4ED4-9C8D-C17F7628CFEB}.Release|ARM.Build.0 = Debug|Any CPU
		{21D44ED9-A0FB-4ED4-9C8D-C17F7628CFEB}.Release|x64.ActiveCfg = Debug|Any CPU
		{21D44ED9-A0FB-4ED4-9C8D-C17F7628CFEB}.Release|x64.Build.0 = Debug|Any CPU
		{21D44ED9-A0FB-4ED4-9C8D-C17F7628CFEB}.Release|x86.ActiveCfg = Debug|Any CPU
		{21D44ED9-A0FB-4ED4-9C8D-C17F7628CFEB}.Release|x86.Build.0 = Debug|Any CPU
	EndGlobalSection
	GlobalSection(SolutionProperties) = preSolution
		HideSolutionNode = FALSE
	EndGlobalSection
	GlobalSection(NestedProjects) = preSolution
		{263B0DCF-16A4-4CE7-B70C-7F1CAE765FD1} = {9A98BFC0-88C4-4E67-9918-07BBB9788E15}
		{F3D44018-2CD8-4EB0-A8D5-6C741ECFF74C} = {9A98BFC0-88C4-4E67-9918-07BBB9788E15}
		{4BCFC631-E9A6-4DB2-8712-47FA621B63E1} = {9A98BFC0-88C4-4E67-9918-07BBB9788E15}
		{3C3C9B35-5F1C-46C2-9263-24C703A976FD} = {BA5E25A6-5CEB-4C91-A944-7DE07B9A1BA4}
		{28322CCB-DE55-4753-97E7-8928EABFF05B} = {BA5E25A6-5CEB-4C91-A944-7DE07B9A1BA4}
		{0E4B9BDC-1517-492E-83DE-57D1BEDA962B} = {7535FC35-4B14-44FE-9DD2-AA95C0AD67CE}
		{95B16E83-226A-48D0-B0A5-EEC7AB4D8ADE} = {7535FC35-4B14-44FE-9DD2-AA95C0AD67CE}
		{8F4C7063-EA49-4D6D-8BFA-C777C17502AC} = {B8327469-094D-4A88-ABB5-7ADFBCB05DB8}
		{68A8D296-0B05-474F-87E9-29749A89EF0E} = {B8327469-094D-4A88-ABB5-7ADFBCB05DB8}
		{D64937EB-7F8E-4127-BC59-98C276E9BBD2} = {6DC83961-B23A-4649-9279-1AE0B0AC89FC}
		{61664537-6FD9-46C8-8320-CAABEA565231} = {6DC83961-B23A-4649-9279-1AE0B0AC89FC}
		{54502F8D-CD73-4155-BCB7-6E8FC59CBD65} = {0A7D8A76-88DD-42E1-B12B-33FF2931A731}
		{37943816-1A33-460C-8D3F-E7FE5F4B6F1C} = {0A7D8A76-88DD-42E1-B12B-33FF2931A731}
		{DFC057C4-2FF4-4BCA-9003-549EDD0F3408} = {0A7D8A76-88DD-42E1-B12B-33FF2931A731}
		{5229B71B-E6C4-4D64-B4A5-2B1DAE1C4ED1} = {0A7D8A76-88DD-42E1-B12B-33FF2931A731}
		{E7C7EFBE-14D9-480D-8B7C-63AF3AB9612F} = {0A7D8A76-88DD-42E1-B12B-33FF2931A731}
		{6B078018-D57D-446B-96F2-C62E08345143} = {0A7D8A76-88DD-42E1-B12B-33FF2931A731}
		{305B4451-AD3D-450D-A5DE-6D5D15A1BF89} = {0A7D8A76-88DD-42E1-B12B-33FF2931A731}
		{42943BC1-D5D6-4972-B5D3-1A49E6955508} = {0A7D8A76-88DD-42E1-B12B-33FF2931A731}
		{236174DB-9074-4010-9057-DBCE61ED8E85} = {0A7D8A76-88DD-42E1-B12B-33FF2931A731}
		{D7742EBF-DEEB-434A-B0A0-26BD69A30D9F} = {4BCFC631-E9A6-4DB2-8712-47FA621B63E1}
		{10DCC2C9-1252-4658-9ADD-EE7D56D1A0DB} = {F3D44018-2CD8-4EB0-A8D5-6C741ECFF74C}
		{699CC04A-F8F1-434C-842D-F2BAC89321D3} = {263B0DCF-16A4-4CE7-B70C-7F1CAE765FD1}
		{C49FB5FC-099D-4795-A74D-A2BFCE05854F} = {9A98BFC0-88C4-4E67-9918-07BBB9788E15}
		{21D44ED9-A0FB-4ED4-9C8D-C17F7628CFEB} = {C49FB5FC-099D-4795-A74D-A2BFCE05854F}
	EndGlobalSection
	GlobalSection(TeamFoundationVersionControl) = preSolution
		SccNumberOfProjects = 20
		SccEnterpriseProvider = {4CA58AB2-18FA-4F8D-95D4-32DDF27D184C}
		SccTeamFoundationServer = https://danielle-m-fenske.visualstudio.com/
		SccLocalPath0 = .
		SccProjectUniqueName1 = Business\\Model\\MegaBite.Business.Model.csproj
		SccProjectTopLevelParentUniqueName1 = MegaBite.sln
		SccProjectName1 = Business/Model
		SccLocalPath1 = Business\\Model
		SccProjectUniqueName2 = Business\\Validation\\MegaBite.Business.Validation.csproj
		SccProjectTopLevelParentUniqueName2 = MegaBite.sln
		SccProjectName2 = Business/Validation
		SccLocalPath2 = Business\\Validation
		SccProjectUniqueName3 = Data\\Model\\MegaBite.Data.Model.csproj
		SccProjectTopLevelParentUniqueName3 = MegaBite.sln
		SccProjectName3 = Data/Model
		SccLocalPath3 = Data\\Model
		SccProjectUniqueName4 = Data\\Provider\\MegaBite.Data.Provider.csproj
		SccProjectTopLevelParentUniqueName4 = MegaBite.sln
		SccProjectName4 = Data/Provider
		SccLocalPath4 = Data\\Provider
		SccProjectUniqueName5 = Domain\\Contracts\\MegaBite.Domain.Contracts.csproj
		SccProjectTopLevelParentUniqueName5 = MegaBite.sln
		SccProjectName5 = Domain/Contracts
		SccLocalPath5 = Domain\\Contracts
		SccProjectUniqueName6 = Domain\\Model\\MegaBite.Domain.Model.csproj
		SccProjectTopLevelParentUniqueName6 = MegaBite.sln
		SccProjectName6 = Domain/Model
		SccLocalPath6 = Domain\\Model
		SccProjectUniqueName7 = Operational\\Caching\\MegaBite.Operational.Caching.csproj
		SccProjectTopLevelParentUniqueName7 = MegaBite.sln
		SccProjectName7 = Operational/Caching
		SccLocalPath7 = Operational\\Caching
		SccProjectUniqueName8 = Operational\\DependInj\\MegaBite.Operational.DependInj.csproj
		SccProjectTopLevelParentUniqueName8 = MegaBite.sln
		SccProjectName8 = Operational/DependInj
		SccLocalPath8 = Operational\\DependInj
		SccProjectUniqueName9 = Operational\\Error\\MegaBite.Operational.Error.csproj
		SccProjectTopLevelParentUniqueName9 = MegaBite.sln
		SccProjectName9 = Operational/Error
		SccLocalPath9 = Operational\\Error
		SccProjectUniqueName10 = Operational\\Localization\\MegaBite.Operational.Localization.csproj
		SccProjectTopLevelParentUniqueName10 = MegaBite.sln
		SccProjectName10 = Operational/Localization
		SccLocalPath10 = Operational\\Localization
		SccProjectUniqueName11 = Operational\\Logging\\MegaBite.Operational.Logging.csproj
		SccProjectTopLevelParentUniqueName11 = MegaBite.sln
		SccProjectName11 = Operational/Logging
		SccLocalPath11 = Operational\\Logging
		SccProjectUniqueName12 = Operational\\Resources\\MegaBite.Operational.Resources.csproj
		SccProjectTopLevelParentUniqueName12 = MegaBite.sln
		SccProjectName12 = Operational/Resources
		SccLocalPath12 = Operational\\Resources
		SccProjectUniqueName13 = Operational\\Security\\MegaBite.Operational.Security.csproj
		SccProjectTopLevelParentUniqueName13 = MegaBite.sln
		SccProjectName13 = Operational/Security
		SccLocalPath13 = Operational\\Security
		SccProjectUniqueName14 = Operational\\Utilities\\MegaBite.Operational.Utilities.csproj
		SccProjectTopLevelParentUniqueName14 = MegaBite.sln
		SccProjectName14 = Operational/Utilities
		SccLocalPath14 = Operational\\Utilities
		SccProjectUniqueName15 = Operational\\Validation\\MegaBite.Operational.Validation.csproj
		SccProjectTopLevelParentUniqueName15 = MegaBite.sln
		SccProjectName15 = Operational/Validation
		SccLocalPath15 = Operational\\Validation
		SccProjectUniqueName16 = Clients\\Mobile\\Vanilla\\MegaBite.Clients.Mobile.Vanilla.csproj
		SccProjectTopLevelParentUniqueName16 = MegaBite.sln
		SccProjectName16 = Clients/Mobile/Vanilla
		SccLocalPath16 = Clients\\Mobile\\Vanilla
		SccProjectUniqueName17 = Clients\\Desktop\\Flour\\MegaBite.Clients.Desktop.Flour.csproj
		SccProjectTopLevelParentUniqueName17 = MegaBite.sln
		SccProjectName17 = Clients/Desktop/Flour
		SccLocalPath17 = Clients\\Desktop\\Flour
		SccProjectUniqueName18 = Clients\\Web\\Sugar\\MegaBite.Clients.Web.Sugar.csproj
		SccProjectTopLevelParentUniqueName18 = MegaBite.sln
		SccProjectName18 = Clients/Web/Sugar
		SccLocalPath18 = Clients\\Web\\Sugar
		SccWebProject19 = true
		SccProjectUniqueName19 = Clients\\WebJS\\MegaBite.Clients.WebJS
		SccProjectTopLevelParentUniqueName19 = MegaBite.sln
		SccProjectName19 = Clients/WebJS/MegaBite.Clients.WebJS
		SccLocalPath19 = Clients\\WebJS\\MegaBite.Clients.WebJS
		SccProjectEnlistmentChoice19 = 2
	EndGlobalSection
EndGlobal
